
Microsoft Visual Studio Solution File, Format Version 12.00
# Visual Studio 15
VisualStudioVersion = 15.0.26124.0
MinimumVisualStudioVersion = 15.0.26124.0
Project("{2150E333-8FDC-42A3-9474-1A3956D46DE8}") = "src", "src", "{F2208E1E-7D94-4D47-9549-9EAA4885B8D4}"
EndProject
Project("{F2A71F9B-5D33-465A-A702-920D77279786}") = "Sudoku", "src\Sudoku\Sudoku.fsproj", "{30060E8C-3FB3-4739-9EF1-69EDEAF9B60D}"
EndProject
Project("{F2A71F9B-5D33-465A-A702-920D77279786}") = "App", "src\App\App.fsproj", "{4A06BEB8-5C20-4B1B-A5E7-DC2F94016F14}"
EndProject
Global
	GlobalSection(SolutionConfigurationPlatforms) = preSolution
		Debug|Any CPU = Debug|Any CPU
		Debug|x64 = Debug|x64
		Debug|x86 = Debug|x86
		Release|Any CPU = Release|Any CPU
		Release|x64 = Release|x64
		Release|x86 = Release|x86
	EndGlobalSection
	GlobalSection(SolutionProperties) = preSolution
		HideSolutionNode = FALSE
	EndGlobalSection
	GlobalSection(ProjectConfigurationPlatforms) = postSolution
		{30060E8C-3FB3-4739-9EF1-69EDEAF9B60D}.Debug|Any CPU.ActiveCfg = Debug|Any CPU
		{30060E8C-3FB3-4739-9EF1-69EDEAF9B60D}.Debug|Any CPU.Build.0 = Debug|Any CPU
		{30060E8C-3FB3-4739-9EF1-69EDEAF9B60D}.Debug|x64.ActiveCfg = Debug|Any CPU
		{30060E8C-3FB3-4739-9EF1-69EDEAF9B60D}.Debug|x64.Build.0 = Debug|Any CPU
		{30060E8C-3FB3-4739-9EF1-69EDEAF9B60D}.Debug|x86.ActiveCfg = Debug|Any CPU
		{30060E8C-3FB3-4739-9EF1-69EDEAF9B60D}.Debug|x86.Build.0 = Debug|Any CPU
		{30060E8C-3FB3-4739-9EF1-69EDEAF9B60D}.Release|Any CPU.ActiveCfg = Release|Any CPU
		{30060E8C-3FB3-4739-9EF1-69EDEAF9B60D}.Release|Any CPU.Build.0 = Release|Any CPU
		{30060E8C-3FB3-4739-9EF1-69EDEAF9B60D}.Release|x64.ActiveCfg = Release|Any CPU
		{30060E8C-3FB3-4739-9EF1-69EDEAF9B60D}.Release|x64.Build.0 = Release|Any CPU
		{30060E8C-3FB3-4739-9EF1-69EDEAF9B60D}.Release|x86.ActiveCfg = Release|Any CPU
		{30060E8C-3FB3-4739-9EF1-69EDEAF9B60D}.Release|x86.Build.0 = Release|Any CPU
		{4A06BEB8-5C20-4B1B-A5E7-DC2F94016F14}.Debug|Any CPU.ActiveCfg = Debug|Any CPU
		{4A06BEB8-5C20-4B1B-A5E7-DC2F94016F14}.Debug|Any CPU.Build.0 = Debug|Any CPU
		{4A06BEB8-5C20-4B1B-A5E7-DC2F94016F14}.Debug|x64.ActiveCfg = Debug|Any CPU
		{4A06BEB8-5C20-4B1B-A5E7-DC2F94016F14}.Debug|x64.Build.0 = Debug|Any CPU
		{4A06BEB8-5C20-4B1B-A5E7-DC2F94016F14}.Debug|x86.ActiveCfg = Debug|Any CPU
		{4A06BEB8-5C20-4B1B-A5E7-DC2F94016F14}.Debug|x86.Build.0 = Debug|Any CPU
		{4A06BEB8-5C20-4B1B-A5E7-DC2F94016F14}.Release|Any CPU.ActiveCfg = Release|Any CPU
		{4A06BEB8-5C20-4B1B-A5E7-DC2F94016F14}.Release|Any CPU.Build.0 = Release|Any CPU
		{4A06BEB8-5C20-4B1B-A5E7-DC2F94016F14}.Release|x64.ActiveCfg = Release|Any CPU
		{4A06BEB8-5C20-4B1B-A5E7-DC2F94016F14}.Release|x64.Build.0 = Release|Any CPU
		{4A06BEB8-5C20-4B1B-A5E7-DC2F94016F14}.Release|x86.ActiveCfg = Release|Any CPU
		{4A06BEB8-5C20-4B1B-A5E7-DC2F94016F14}.Release|x86.Build.0 = Release|Any CPU
	EndGlobalSection
	GlobalSection(NestedProjects) = preSolution
		{30060E8C-3FB3-4739-9EF1-69EDEAF9B60D} = {F2208E1E-7D94-4D47-9549-9EAA4885B8D4}
		{4A06BEB8-5C20-4B1B-A5E7-DC2F94016F14} = {F2208E1E-7D94-4D47-9549-9EAA4885B8D4}
	EndGlobalSection
EndGlobal
